# This file is automatically @generated by Wally.
# It is not intended for manual editing.
registry = "test"

[[package]]
name = "evaera/promise"
version = "4.0.0"
dependencies = []

[[package]]
name = "littensy/remo"
version = "1.5.2"
dependencies = [["Promise", "evaera/promise@4.0.0"]]

[[package]]
name = "notreux/serverreplication"
version = "0.1.0"
dependencies = [["Remo", "littensy/remo@1.5.2"], ["UpsideEngine", "notreux/upsideengine@3.0.1"], ["t", "osyrisrblx/t@3.1.1"]]

[[package]]
name = "notreux/upsideengine"
version = "3.0.1"
dependencies = []

[[package]]
name = "osyrisrblx/t"
version = "3.1.1"
dependencies = []
